// !$*UTF8*$!
{
	archiveVersion = 1;
	classes = {
	};
	objectVersion = 52;
	objects = {

/* Begin PBXBuildFile section */
		220F0B5F2373A0DF00B3BC99 /* ShareViewController.swift in Sources */ = {isa = PBXBuildFile; fileRef = 220F0B5E2373A0DF00B3BC99 /* ShareViewController.swift */; };
		220F0B622373A0DF00B3BC99 /* MainInterface.storyboard in Resources */ = {isa = PBXBuildFile; fileRef = 220F0B602373A0DF00B3BC99 /* MainInterface.storyboard */; };
		220F0B662373A0DF00B3BC99 /* ImageShare.appex in Embed App Extensions */ = {isa = PBXBuildFile; fileRef = 220F0B5C2373A0DF00B3BC99 /* ImageShare.appex */; settings = {ATTRIBUTES = (RemoveHeadersOnCopy, ); }; };
		225A50CE238C463E00C198CE /* GoogleService-Info.plist in Resources */ = {isa = PBXBuildFile; fileRef = 225A50CD238C463E00C198CE /* GoogleService-Info.plist */; };
		225A50D0238C60B300C198CE /* FireBase.swift in Sources */ = {isa = PBXBuildFile; fileRef = 225A50CF238C60B300C198CE /* FireBase.swift */; };
		22B4ED7C235FD2D500D7DFFF /* DetailVideoViewController.swift in Sources */ = {isa = PBXBuildFile; fileRef = 22B4ED7B235FD2D500D7DFFF /* DetailVideoViewController.swift */; };
		22B4ED80235FD8F200D7DFFF /* DetailVideoFavoriteViewController.swift in Sources */ = {isa = PBXBuildFile; fileRef = 22B4ED7F235FD8F200D7DFFF /* DetailVideoFavoriteViewController.swift */; };
		22B4ED8223600CB100D7DFFF /* YoutubePlayer_in_WKWebView.framework in Frameworks */ = {isa = PBXBuildFile; fileRef = 22B4ED8123600CB100D7DFFF /* YoutubePlayer_in_WKWebView.framework */; };
		5055956C235140F8004A166C /* FavoriteTableViewCell.swift in Sources */ = {isa = PBXBuildFile; fileRef = 5055956B235140F7004A166C /* FavoriteTableViewCell.swift */; };
		50613AB8232D39F5000B27D8 /* CriarTutorialDelegate.swift in Sources */ = {isa = PBXBuildFile; fileRef = 50613AB7232D39F5000B27D8 /* CriarTutorialDelegate.swift */; };
		50825AEF23174592001040E7 /* AppDelegate.swift in Sources */ = {isa = PBXBuildFile; fileRef = 50825AEE23174592001040E7 /* AppDelegate.swift */; };
		50825AF123174592001040E7 /* ViewController.swift in Sources */ = {isa = PBXBuildFile; fileRef = 50825AF023174592001040E7 /* ViewController.swift */; };
		50825AF423174592001040E7 /* Main.storyboard in Resources */ = {isa = PBXBuildFile; fileRef = 50825AF223174592001040E7 /* Main.storyboard */; };
		50825AF723174593001040E7 /* HelpIosMac.xcdatamodeld in Sources */ = {isa = PBXBuildFile; fileRef = 50825AF523174593001040E7 /* HelpIosMac.xcdatamodeld */; };
		50825AF9231745AF001040E7 /* Assets.xcassets in Resources */ = {isa = PBXBuildFile; fileRef = 50825AF8231745AF001040E7 /* Assets.xcassets */; };
		50825AFC231745AF001040E7 /* LaunchScreen.storyboard in Resources */ = {isa = PBXBuildFile; fileRef = 50825AFA231745AF001040E7 /* LaunchScreen.storyboard */; };
		50825B07231745B0001040E7 /* HelpIosMacTests.swift in Sources */ = {isa = PBXBuildFile; fileRef = 50825B06231745B0001040E7 /* HelpIosMacTests.swift */; };
		50825B12231745B0001040E7 /* HelpIosMacUITests.swift in Sources */ = {isa = PBXBuildFile; fileRef = 50825B11231745B0001040E7 /* HelpIosMacUITests.swift */; };
		50825B2B23174F0F001040E7 /* DetailsViewController.swift in Sources */ = {isa = PBXBuildFile; fileRef = 50825B2923174F0F001040E7 /* DetailsViewController.swift */; };
		50825B5B2318B3C0001040E7 /* Tutorial.swift in Sources */ = {isa = PBXBuildFile; fileRef = 50825B5A2318B3C0001040E7 /* Tutorial.swift */; };
		50825B5D2318B4DE001040E7 /* TutorialDAO.swift in Sources */ = {isa = PBXBuildFile; fileRef = 50825B5C2318B4DE001040E7 /* TutorialDAO.swift */; };
		508B140B2328B0EE005F14AE /* TutorialCollectionViewCell.swift in Sources */ = {isa = PBXBuildFile; fileRef = 508B140A2328B0EE005F14AE /* TutorialCollectionViewCell.swift */; };
		508B14112329E4C3005F14AE /* FavoritosTableViewController.swift in Sources */ = {isa = PBXBuildFile; fileRef = 508B14102329E4C3005F14AE /* FavoritosTableViewController.swift */; };
		508B1414232C5E08005F14AE /* DetalheFavoritoViewController.swift in Sources */ = {isa = PBXBuildFile; fileRef = 508B1412232C5E08005F14AE /* DetalheFavoritoViewController.swift */; };
		50C601C6234D8263005DB696 /* DetalhesCollectionViewCell.swift in Sources */ = {isa = PBXBuildFile; fileRef = 50C601C5234D8262005DB696 /* DetalhesCollectionViewCell.swift */; };
		50C601C8234EB281005DB696 /* CollectionViewCell.swift in Sources */ = {isa = PBXBuildFile; fileRef = 50C601C7234EB281005DB696 /* CollectionViewCell.swift */; };
		5FF21760B7A9F85FE1422B4F /* Pods_HelpIosMacTests.framework in Frameworks */ = {isa = PBXBuildFile; fileRef = 14A738D0205951CC1575137A /* Pods_HelpIosMacTests.framework */; };
		C90C0F77FF5448C45EA00FA2 /* Pods_HelpIosMac.framework in Frameworks */ = {isa = PBXBuildFile; fileRef = 7B063C33863F3FD062BE1DF2 /* Pods_HelpIosMac.framework */; };
		CD0C3E3FB6E61906FE9A5729 /* Pods_HelpIosMac_HelpIosMacUITests.framework in Frameworks */ = {isa = PBXBuildFile; fileRef = 4D344C8C44FB1520A851F0A2 /* Pods_HelpIosMac_HelpIosMacUITests.framework */; };
/* End PBXBuildFile section */

/* Begin PBXContainerItemProxy section */
		220F0B642373A0DF00B3BC99 /* PBXContainerItemProxy */ = {
			isa = PBXContainerItemProxy;
			containerPortal = 50825AE323174592001040E7 /* Project object */;
			proxyType = 1;
			remoteGlobalIDString = 220F0B5B2373A0DF00B3BC99;
			remoteInfo = ImageShare;
		};
		50825B03231745B0001040E7 /* PBXContainerItemProxy */ = {
			isa = PBXContainerItemProxy;
			containerPortal = 50825AE323174592001040E7 /* Project object */;
			proxyType = 1;
			remoteGlobalIDString = 50825AEA23174592001040E7;
			remoteInfo = HelpIosMac;
		};
		50825B0E231745B0001040E7 /* PBXContainerItemProxy */ = {
			isa = PBXContainerItemProxy;
			containerPortal = 50825AE323174592001040E7 /* Project object */;
			proxyType = 1;
			remoteGlobalIDString = 50825AEA23174592001040E7;
			remoteInfo = HelpIosMac;
		};
/* End PBXContainerItemProxy section */

/* Begin PBXCopyFilesBuildPhase section */
		220F0B6A2373A0DF00B3BC99 /* Embed App Extensions */ = {
			isa = PBXCopyFilesBuildPhase;
			buildActionMask = 2147483647;
			dstPath = "";
			dstSubfolderSpec = 13;
			files = (
				220F0B662373A0DF00B3BC99 /* ImageShare.appex in Embed App Extensions */,
			);
			name = "Embed App Extensions";
			runOnlyForDeploymentPostprocessing = 0;
		};
/* End PBXCopyFilesBuildPhase section */

/* Begin PBXFileReference section */
		0FE16BB3199CCB8C6130B1E9 /* Pods-HelpIosMac-HelpIosMacUITests.release.xcconfig */ = {isa = PBXFileReference; includeInIndex = 1; lastKnownFileType = text.xcconfig; name = "Pods-HelpIosMac-HelpIosMacUITests.release.xcconfig"; path = "Target Support Files/Pods-HelpIosMac-HelpIosMacUITests/Pods-HelpIosMac-HelpIosMacUITests.release.xcconfig"; sourceTree = "<group>"; };
		14A738D0205951CC1575137A /* Pods_HelpIosMacTests.framework */ = {isa = PBXFileReference; explicitFileType = wrapper.framework; includeInIndex = 0; path = Pods_HelpIosMacTests.framework; sourceTree = BUILT_PRODUCTS_DIR; };
		220F0B5723726E3F00B3BC99 /* HelpIosMac.entitlements */ = {isa = PBXFileReference; lastKnownFileType = text.plist.entitlements; path = HelpIosMac.entitlements; sourceTree = "<group>"; };
		220F0B5C2373A0DF00B3BC99 /* ImageShare.appex */ = {isa = PBXFileReference; explicitFileType = "wrapper.app-extension"; includeInIndex = 0; path = ImageShare.appex; sourceTree = BUILT_PRODUCTS_DIR; };
		220F0B5E2373A0DF00B3BC99 /* ShareViewController.swift */ = {isa = PBXFileReference; lastKnownFileType = sourcecode.swift; path = ShareViewController.swift; sourceTree = "<group>"; };
		220F0B612373A0DF00B3BC99 /* Base */ = {isa = PBXFileReference; lastKnownFileType = file.storyboard; name = Base; path = Base.lproj/MainInterface.storyboard; sourceTree = "<group>"; };
		220F0B632373A0DF00B3BC99 /* Info.plist */ = {isa = PBXFileReference; lastKnownFileType = text.plist.xml; path = Info.plist; sourceTree = "<group>"; };
		225A50CD238C463E00C198CE /* GoogleService-Info.plist */ = {isa = PBXFileReference; fileEncoding = 4; lastKnownFileType = text.plist.xml; path = "GoogleService-Info.plist"; sourceTree = "<group>"; };
		225A50CF238C60B300C198CE /* FireBase.swift */ = {isa = PBXFileReference; lastKnownFileType = sourcecode.swift; path = FireBase.swift; sourceTree = "<group>"; };
		22B4ED7B235FD2D500D7DFFF /* DetailVideoViewController.swift */ = {isa = PBXFileReference; lastKnownFileType = sourcecode.swift; path = DetailVideoViewController.swift; sourceTree = "<group>"; };
		22B4ED7F235FD8F200D7DFFF /* DetailVideoFavoriteViewController.swift */ = {isa = PBXFileReference; lastKnownFileType = sourcecode.swift; path = DetailVideoFavoriteViewController.swift; sourceTree = "<group>"; };
		22B4ED8123600CB100D7DFFF /* YoutubePlayer_in_WKWebView.framework */ = {isa = PBXFileReference; explicitFileType = wrapper.framework; path = YoutubePlayer_in_WKWebView.framework; sourceTree = BUILT_PRODUCTS_DIR; };
		49EFFFE2DD373D56720CDE5F /* Pods-HelpIosMac.debug.xcconfig */ = {isa = PBXFileReference; includeInIndex = 1; lastKnownFileType = text.xcconfig; name = "Pods-HelpIosMac.debug.xcconfig"; path = "Target Support Files/Pods-HelpIosMac/Pods-HelpIosMac.debug.xcconfig"; sourceTree = "<group>"; };
		4D344C8C44FB1520A851F0A2 /* Pods_HelpIosMac_HelpIosMacUITests.framework */ = {isa = PBXFileReference; explicitFileType = wrapper.framework; includeInIndex = 0; path = Pods_HelpIosMac_HelpIosMacUITests.framework; sourceTree = BUILT_PRODUCTS_DIR; };
		5055956B235140F7004A166C /* FavoriteTableViewCell.swift */ = {isa = PBXFileReference; lastKnownFileType = sourcecode.swift; path = FavoriteTableViewCell.swift; sourceTree = "<group>"; };
		50613AB7232D39F5000B27D8 /* CriarTutorialDelegate.swift */ = {isa = PBXFileReference; lastKnownFileType = sourcecode.swift; path = CriarTutorialDelegate.swift; sourceTree = "<group>"; };
		50825AEB23174592001040E7 /* HelpIosMac.app */ = {isa = PBXFileReference; explicitFileType = wrapper.application; includeInIndex = 0; path = HelpIosMac.app; sourceTree = BUILT_PRODUCTS_DIR; };
		50825AEE23174592001040E7 /* AppDelegate.swift */ = {isa = PBXFileReference; lastKnownFileType = sourcecode.swift; path = AppDelegate.swift; sourceTree = "<group>"; };
		50825AF023174592001040E7 /* ViewController.swift */ = {isa = PBXFileReference; lastKnownFileType = sourcecode.swift; path = ViewController.swift; sourceTree = "<group>"; };
		50825AF323174592001040E7 /* Base */ = {isa = PBXFileReference; lastKnownFileType = file.storyboard; name = Base; path = Base.lproj/Main.storyboard; sourceTree = "<group>"; };
		50825AF623174593001040E7 /* HelpIosMac.xcdatamodel */ = {isa = PBXFileReference; lastKnownFileType = wrapper.xcdatamodel; path = HelpIosMac.xcdatamodel; sourceTree = "<group>"; };
		50825AF8231745AF001040E7 /* Assets.xcassets */ = {isa = PBXFileReference; lastKnownFileType = folder.assetcatalog; path = Assets.xcassets; sourceTree = "<group>"; };
		50825AFB231745AF001040E7 /* Base */ = {isa = PBXFileReference; lastKnownFileType = file.storyboard; name = Base; path = Base.lproj/LaunchScreen.storyboard; sourceTree = "<group>"; };
		50825AFD231745AF001040E7 /* Info.plist */ = {isa = PBXFileReference; lastKnownFileType = text.plist.xml; path = Info.plist; sourceTree = "<group>"; };
		50825B02231745B0001040E7 /* HelpIosMacTests.xctest */ = {isa = PBXFileReference; explicitFileType = wrapper.cfbundle; includeInIndex = 0; path = HelpIosMacTests.xctest; sourceTree = BUILT_PRODUCTS_DIR; };
		50825B06231745B0001040E7 /* HelpIosMacTests.swift */ = {isa = PBXFileReference; lastKnownFileType = sourcecode.swift; path = HelpIosMacTests.swift; sourceTree = "<group>"; };
		50825B08231745B0001040E7 /* Info.plist */ = {isa = PBXFileReference; lastKnownFileType = text.plist.xml; path = Info.plist; sourceTree = "<group>"; };
		50825B0D231745B0001040E7 /* HelpIosMacUITests.xctest */ = {isa = PBXFileReference; explicitFileType = wrapper.cfbundle; includeInIndex = 0; path = HelpIosMacUITests.xctest; sourceTree = BUILT_PRODUCTS_DIR; };
		50825B11231745B0001040E7 /* HelpIosMacUITests.swift */ = {isa = PBXFileReference; lastKnownFileType = sourcecode.swift; path = HelpIosMacUITests.swift; sourceTree = "<group>"; };
		50825B13231745B0001040E7 /* Info.plist */ = {isa = PBXFileReference; lastKnownFileType = text.plist.xml; path = Info.plist; sourceTree = "<group>"; };
		50825B2923174F0F001040E7 /* DetailsViewController.swift */ = {isa = PBXFileReference; lastKnownFileType = sourcecode.swift; path = DetailsViewController.swift; sourceTree = "<group>"; };
		50825B5A2318B3C0001040E7 /* Tutorial.swift */ = {isa = PBXFileReference; lastKnownFileType = sourcecode.swift; path = Tutorial.swift; sourceTree = "<group>"; };
		50825B5C2318B4DE001040E7 /* TutorialDAO.swift */ = {isa = PBXFileReference; lastKnownFileType = sourcecode.swift; path = TutorialDAO.swift; sourceTree = "<group>"; };
		508B140A2328B0EE005F14AE /* TutorialCollectionViewCell.swift */ = {isa = PBXFileReference; lastKnownFileType = sourcecode.swift; path = TutorialCollectionViewCell.swift; sourceTree = "<group>"; };
		508B14102329E4C3005F14AE /* FavoritosTableViewController.swift */ = {isa = PBXFileReference; lastKnownFileType = sourcecode.swift; path = FavoritosTableViewController.swift; sourceTree = "<group>"; };
		508B1412232C5E08005F14AE /* DetalheFavoritoViewController.swift */ = {isa = PBXFileReference; lastKnownFileType = sourcecode.swift; path = DetalheFavoritoViewController.swift; sourceTree = "<group>"; };
		50C601C5234D8262005DB696 /* DetalhesCollectionViewCell.swift */ = {isa = PBXFileReference; lastKnownFileType = sourcecode.swift; path = DetalhesCollectionViewCell.swift; sourceTree = "<group>"; };
		50C601C7234EB281005DB696 /* CollectionViewCell.swift */ = {isa = PBXFileReference; lastKnownFileType = sourcecode.swift; path = CollectionViewCell.swift; sourceTree = "<group>"; };
		7B063C33863F3FD062BE1DF2 /* Pods_HelpIosMac.framework */ = {isa = PBXFileReference; explicitFileType = wrapper.framework; includeInIndex = 0; path = Pods_HelpIosMac.framework; sourceTree = BUILT_PRODUCTS_DIR; };
		7D0C0E13BD78A8466DB9CCB0 /* Pods-HelpIosMacTests.debug.xcconfig */ = {isa = PBXFileReference; includeInIndex = 1; lastKnownFileType = text.xcconfig; name = "Pods-HelpIosMacTests.debug.xcconfig"; path = "Target Support Files/Pods-HelpIosMacTests/Pods-HelpIosMacTests.debug.xcconfig"; sourceTree = "<group>"; };
		80EF1FF77A1265C66D18B384 /* Pods-HelpIosMacTests.release.xcconfig */ = {isa = PBXFileReference; includeInIndex = 1; lastKnownFileType = text.xcconfig; name = "Pods-HelpIosMacTests.release.xcconfig"; path = "Target Support Files/Pods-HelpIosMacTests/Pods-HelpIosMacTests.release.xcconfig"; sourceTree = "<group>"; };
		8A399DEC83E77AE40617A5C4 /* Pods-HelpIosMac.release.xcconfig */ = {isa = PBXFileReference; includeInIndex = 1; lastKnownFileType = text.xcconfig; name = "Pods-HelpIosMac.release.xcconfig"; path = "Target Support Files/Pods-HelpIosMac/Pods-HelpIosMac.release.xcconfig"; sourceTree = "<group>"; };
		FEED26538698202EA98CF72A /* Pods-HelpIosMac-HelpIosMacUITests.debug.xcconfig */ = {isa = PBXFileReference; includeInIndex = 1; lastKnownFileType = text.xcconfig; name = "Pods-HelpIosMac-HelpIosMacUITests.debug.xcconfig"; path = "Target Support Files/Pods-HelpIosMac-HelpIosMacUITests/Pods-HelpIosMac-HelpIosMacUITests.debug.xcconfig"; sourceTree = "<group>"; };
/* End PBXFileReference section */

/* Begin PBXFrameworksBuildPhase section */
		220F0B592373A0DF00B3BC99 /* Frameworks */ = {
			isa = PBXFrameworksBuildPhase;
			buildActionMask = 2147483647;
			files = (
			);
			runOnlyForDeploymentPostprocessing = 0;
		};
		50825AE823174592001040E7 /* Frameworks */ = {
			isa = PBXFrameworksBuildPhase;
			buildActionMask = 2147483647;
			files = (
				22B4ED8223600CB100D7DFFF /* YoutubePlayer_in_WKWebView.framework in Frameworks */,
				C90C0F77FF5448C45EA00FA2 /* Pods_HelpIosMac.framework in Frameworks */,
			);
			runOnlyForDeploymentPostprocessing = 0;
		};
		50825AFF231745B0001040E7 /* Frameworks */ = {
			isa = PBXFrameworksBuildPhase;
			buildActionMask = 2147483647;
			files = (
				5FF21760B7A9F85FE1422B4F /* Pods_HelpIosMacTests.framework in Frameworks */,
			);
			runOnlyForDeploymentPostprocessing = 0;
		};
		50825B0A231745B0001040E7 /* Frameworks */ = {
			isa = PBXFrameworksBuildPhase;
			buildActionMask = 2147483647;
			files = (
				CD0C3E3FB6E61906FE9A5729 /* Pods_HelpIosMac_HelpIosMacUITests.framework in Frameworks */,
			);
			runOnlyForDeploymentPostprocessing = 0;
		};
/* End PBXFrameworksBuildPhase section */

/* Begin PBXGroup section */
		220F0B5D2373A0DF00B3BC99 /* ImageShare */ = {
			isa = PBXGroup;
			children = (
				220F0B5E2373A0DF00B3BC99 /* ShareViewController.swift */,
				220F0B602373A0DF00B3BC99 /* MainInterface.storyboard */,
				220F0B632373A0DF00B3BC99 /* Info.plist */,
			);
			path = ImageShare;
			sourceTree = "<group>";
		};
		225A50CC238C374A00C198CE /* Firebase */ = {
			isa = PBXGroup;
			children = (
				225A50CF238C60B300C198CE /* FireBase.swift */,
			);
			path = Firebase;
			sourceTree = "<group>";
		};
		50825AE223174592001040E7 = {
			isa = PBXGroup;
			children = (
				50825AED23174592001040E7 /* HelpIosMac */,
				50825B05231745B0001040E7 /* HelpIosMacTests */,
				50825B10231745B0001040E7 /* HelpIosMacUITests */,
				220F0B5D2373A0DF00B3BC99 /* ImageShare */,
				50825AEC23174592001040E7 /* Products */,
				9819AB23E4097AF6070B0D91 /* Pods */,
				BFF37250F5EF477CADE15E81 /* Frameworks */,
			);
			sourceTree = "<group>";
		};
		50825AEC23174592001040E7 /* Products */ = {
			isa = PBXGroup;
			children = (
				50825AEB23174592001040E7 /* HelpIosMac.app */,
				50825B02231745B0001040E7 /* HelpIosMacTests.xctest */,
				50825B0D231745B0001040E7 /* HelpIosMacUITests.xctest */,
				220F0B5C2373A0DF00B3BC99 /* ImageShare.appex */,
			);
			name = Products;
			sourceTree = "<group>";
		};
		50825AED23174592001040E7 /* HelpIosMac */ = {
			isa = PBXGroup;
			children = (
				220F0B5723726E3F00B3BC99 /* HelpIosMac.entitlements */,
				50825B26231748B5001040E7 /* Views */,
				50825B242317488B001040E7 /* Models */,
				50825B2523174899001040E7 /* Controllers */,
				225A50CC238C374A00C198CE /* Firebase */,
				50825AEE23174592001040E7 /* AppDelegate.swift */,
				50825AF8231745AF001040E7 /* Assets.xcassets */,
				50825AFA231745AF001040E7 /* LaunchScreen.storyboard */,
				50825AFD231745AF001040E7 /* Info.plist */,
				225A50CD238C463E00C198CE /* GoogleService-Info.plist */,
				50825AF523174593001040E7 /* HelpIosMac.xcdatamodeld */,
			);
			path = HelpIosMac;
			sourceTree = "<group>";
		};
		50825B05231745B0001040E7 /* HelpIosMacTests */ = {
			isa = PBXGroup;
			children = (
				50825B06231745B0001040E7 /* HelpIosMacTests.swift */,
				50825B08231745B0001040E7 /* Info.plist */,
			);
			path = HelpIosMacTests;
			sourceTree = "<group>";
		};
		50825B10231745B0001040E7 /* HelpIosMacUITests */ = {
			isa = PBXGroup;
			children = (
				50825B11231745B0001040E7 /* HelpIosMacUITests.swift */,
				50825B13231745B0001040E7 /* Info.plist */,
			);
			path = HelpIosMacUITests;
			sourceTree = "<group>";
		};
		50825B242317488B001040E7 /* Models */ = {
			isa = PBXGroup;
			children = (
				50825B5A2318B3C0001040E7 /* Tutorial.swift */,
				50825B5C2318B4DE001040E7 /* TutorialDAO.swift */,
				50613AB7232D39F5000B27D8 /* CriarTutorialDelegate.swift */,
			);
			path = Models;
			sourceTree = "<group>";
		};
		50825B2523174899001040E7 /* Controllers */ = {
			isa = PBXGroup;
			children = (
				50825AF023174592001040E7 /* ViewController.swift */,
				50825B2923174F0F001040E7 /* DetailsViewController.swift */,
				508B14102329E4C3005F14AE /* FavoritosTableViewController.swift */,
				508B1412232C5E08005F14AE /* DetalheFavoritoViewController.swift */,
				22B4ED7B235FD2D500D7DFFF /* DetailVideoViewController.swift */,
				22B4ED7F235FD8F200D7DFFF /* DetailVideoFavoriteViewController.swift */,
			);
			path = Controllers;
			sourceTree = "<group>";
		};
		50825B26231748B5001040E7 /* Views */ = {
			isa = PBXGroup;
			children = (
				50825AF223174592001040E7 /* Main.storyboard */,
				508B140A2328B0EE005F14AE /* TutorialCollectionViewCell.swift */,
				50C601C5234D8262005DB696 /* DetalhesCollectionViewCell.swift */,
				50C601C7234EB281005DB696 /* CollectionViewCell.swift */,
				5055956B235140F7004A166C /* FavoriteTableViewCell.swift */,
			);
			path = Views;
			sourceTree = "<group>";
		};
		9819AB23E4097AF6070B0D91 /* Pods */ = {
			isa = PBXGroup;
			children = (
				49EFFFE2DD373D56720CDE5F /* Pods-HelpIosMac.debug.xcconfig */,
				8A399DEC83E77AE40617A5C4 /* Pods-HelpIosMac.release.xcconfig */,
				FEED26538698202EA98CF72A /* Pods-HelpIosMac-HelpIosMacUITests.debug.xcconfig */,
				0FE16BB3199CCB8C6130B1E9 /* Pods-HelpIosMac-HelpIosMacUITests.release.xcconfig */,
				7D0C0E13BD78A8466DB9CCB0 /* Pods-HelpIosMacTests.debug.xcconfig */,
				80EF1FF77A1265C66D18B384 /* Pods-HelpIosMacTests.release.xcconfig */,
			);
			path = Pods;
			sourceTree = "<group>";
		};
		BFF37250F5EF477CADE15E81 /* Frameworks */ = {
			isa = PBXGroup;
			children = (
				22B4ED8123600CB100D7DFFF /* YoutubePlayer_in_WKWebView.framework */,
				7B063C33863F3FD062BE1DF2 /* Pods_HelpIosMac.framework */,
				4D344C8C44FB1520A851F0A2 /* Pods_HelpIosMac_HelpIosMacUITests.framework */,
				14A738D0205951CC1575137A /* Pods_HelpIosMacTests.framework */,
			);
			name = Frameworks;
			sourceTree = "<group>";
		};
/* End PBXGroup section */

/* Begin PBXNativeTarget section */
		220F0B5B2373A0DF00B3BC99 /* ImageShare */ = {
			isa = PBXNativeTarget;
			buildConfigurationList = 220F0B672373A0DF00B3BC99 /* Build configuration list for PBXNativeTarget "ImageShare" */;
			buildPhases = (
				220F0B582373A0DF00B3BC99 /* Sources */,
				220F0B592373A0DF00B3BC99 /* Frameworks */,
				220F0B5A2373A0DF00B3BC99 /* Resources */,
			);
			buildRules = (
			);
			dependencies = (
			);
			name = ImageShare;
			productName = ImageShare;
			productReference = 220F0B5C2373A0DF00B3BC99 /* ImageShare.appex */;
			productType = "com.apple.product-type.app-extension";
		};
		50825AEA23174592001040E7 /* HelpIosMac */ = {
			isa = PBXNativeTarget;
			buildConfigurationList = 50825B16231745B0001040E7 /* Build configuration list for PBXNativeTarget "HelpIosMac" */;
			buildPhases = (
				D97FD5E093CF7896EA8C4544 /* [CP] Check Pods Manifest.lock */,
				50825AE723174592001040E7 /* Sources */,
				50825AE823174592001040E7 /* Frameworks */,
				50825AE923174592001040E7 /* Resources */,
				E30037A5DA5879B8BA207D7E /* [CP] Embed Pods Frameworks */,
				220F0B6A2373A0DF00B3BC99 /* Embed App Extensions */,
			);
			buildRules = (
			);
			dependencies = (
				220F0B652373A0DF00B3BC99 /* PBXTargetDependency */,
			);
			name = HelpIosMac;
			productName = HelpIosMac;
			productReference = 50825AEB23174592001040E7 /* HelpIosMac.app */;
			productType = "com.apple.product-type.application";
		};
		50825B01231745B0001040E7 /* HelpIosMacTests */ = {
			isa = PBXNativeTarget;
			buildConfigurationList = 50825B19231745B0001040E7 /* Build configuration list for PBXNativeTarget "HelpIosMacTests" */;
			buildPhases = (
				8AEFDFCA96858307047B449B /* [CP] Check Pods Manifest.lock */,
				50825AFE231745B0001040E7 /* Sources */,
				50825AFF231745B0001040E7 /* Frameworks */,
				50825B00231745B0001040E7 /* Resources */,
			);
			buildRules = (
			);
			dependencies = (
				50825B04231745B0001040E7 /* PBXTargetDependency */,
			);
			name = HelpIosMacTests;
			productName = HelpIosMacTests;
			productReference = 50825B02231745B0001040E7 /* HelpIosMacTests.xctest */;
			productType = "com.apple.product-type.bundle.unit-test";
		};
		50825B0C231745B0001040E7 /* HelpIosMacUITests */ = {
			isa = PBXNativeTarget;
			buildConfigurationList = 50825B1C231745B0001040E7 /* Build configuration list for PBXNativeTarget "HelpIosMacUITests" */;
			buildPhases = (
				D43376AF3DCA31E6FFF758EE /* [CP] Check Pods Manifest.lock */,
				50825B09231745B0001040E7 /* Sources */,
				50825B0A231745B0001040E7 /* Frameworks */,
				50825B0B231745B0001040E7 /* Resources */,
				C14779576FFBCC7447A49155 /* [CP] Embed Pods Frameworks */,
			);
			buildRules = (
			);
			dependencies = (
				50825B0F231745B0001040E7 /* PBXTargetDependency */,
			);
			name = HelpIosMacUITests;
			productName = HelpIosMacUITests;
			productReference = 50825B0D231745B0001040E7 /* HelpIosMacUITests.xctest */;
			productType = "com.apple.product-type.bundle.ui-testing";
		};
/* End PBXNativeTarget section */

/* Begin PBXProject section */
		50825AE323174592001040E7 /* Project object */ = {
			isa = PBXProject;
			attributes = {
				KnownAssetTags = (
					New,
				);
				LastSwiftUpdateCheck = 1120;
				LastUpgradeCheck = 1010;
				ORGANIZATIONNAME = Rinver;
				TargetAttributes = {
					220F0B5B2373A0DF00B3BC99 = {
						CreatedOnToolsVersion = 11.2;
					};
					50825AEA23174592001040E7 = {
						CreatedOnToolsVersion = 10.1;
						LastSwiftMigration = 1120;
					};
					50825B01231745B0001040E7 = {
						CreatedOnToolsVersion = 10.1;
						LastSwiftMigration = 1120;
						TestTargetID = 50825AEA23174592001040E7;
					};
					50825B0C231745B0001040E7 = {
						CreatedOnToolsVersion = 10.1;
						LastSwiftMigration = 1120;
						TestTargetID = 50825AEA23174592001040E7;
					};
				};
			};
			buildConfigurationList = 50825AE623174592001040E7 /* Build configuration list for PBXProject "HelpIosMac" */;
			compatibilityVersion = "Xcode 11.0";
			developmentRegion = en;
			hasScannedForEncodings = 0;
			knownRegions = (
				en,
				Base,
			);
			mainGroup = 50825AE223174592001040E7;
			productRefGroup = 50825AEC23174592001040E7 /* Products */;
			projectDirPath = "";
			projectRoot = "";
			targets = (
				50825AEA23174592001040E7 /* HelpIosMac */,
				50825B01231745B0001040E7 /* HelpIosMacTests */,
				50825B0C231745B0001040E7 /* HelpIosMacUITests */,
				220F0B5B2373A0DF00B3BC99 /* ImageShare */,
			);
		};
/* End PBXProject section */

/* Begin PBXResourcesBuildPhase section */
		220F0B5A2373A0DF00B3BC99 /* Resources */ = {
			isa = PBXResourcesBuildPhase;
			buildActionMask = 2147483647;
			files = (
				220F0B622373A0DF00B3BC99 /* MainInterface.storyboard in Resources */,
			);
			runOnlyForDeploymentPostprocessing = 0;
		};
		50825AE923174592001040E7 /* Resources */ = {
			isa = PBXResourcesBuildPhase;
			buildActionMask = 2147483647;
			files = (
				50825AFC231745AF001040E7 /* LaunchScreen.storyboard in Resources */,
				225A50CE238C463E00C198CE /* GoogleService-Info.plist in Resources */,
				50825AF9231745AF001040E7 /* Assets.xcassets in Resources */,
				50825AF423174592001040E7 /* Main.storyboard in Resources */,
			);
			runOnlyForDeploymentPostprocessing = 0;
		};
		50825B00231745B0001040E7 /* Resources */ = {
			isa = PBXResourcesBuildPhase;
			buildActionMask = 2147483647;
			files = (
			);
			runOnlyForDeploymentPostprocessing = 0;
		};
		50825B0B231745B0001040E7 /* Resources */ = {
			isa = PBXResourcesBuildPhase;
			buildActionMask = 2147483647;
			files = (
			);
			runOnlyForDeploymentPostprocessing = 0;
		};
/* End PBXResourcesBuildPhase section */

/* Begin PBXShellScriptBuildPhase section */
		8AEFDFCA96858307047B449B /* [CP] Check Pods Manifest.lock */ = {
			isa = PBXShellScriptBuildPhase;
			buildActionMask = 2147483647;
			files = (
			);
			inputFileListPaths = (
			);
			inputPaths = (
				"${PODS_PODFILE_DIR_PATH}/Podfile.lock",
				"${PODS_ROOT}/Manifest.lock",
			);
			name = "[CP] Check Pods Manifest.lock";
			outputFileListPaths = (
			);
			outputPaths = (
				"$(DERIVED_FILE_DIR)/Pods-HelpIosMacTests-checkManifestLockResult.txt",
			);
			runOnlyForDeploymentPostprocessing = 0;
			shellPath = /bin/sh;
			shellScript = "diff \"${PODS_PODFILE_DIR_PATH}/Podfile.lock\" \"${PODS_ROOT}/Manifest.lock\" > /dev/null\nif [ $? != 0 ] ; then\n    # print error to STDERR\n    echo \"error: The sandbox is not in sync with the Podfile.lock. Run 'pod install' or update your CocoaPods installation.\" >&2\n    exit 1\nfi\n# This output is used by Xcode 'outputs' to avoid re-running this script phase.\necho \"SUCCESS\" > \"${SCRIPT_OUTPUT_FILE_0}\"\n";
			showEnvVarsInLog = 0;
		};
		C14779576FFBCC7447A49155 /* [CP] Embed Pods Frameworks */ = {
			isa = PBXShellScriptBuildPhase;
			buildActionMask = 2147483647;
			files = (
			);
			inputFileListPaths = (
				"${PODS_ROOT}/Target Support Files/Pods-HelpIosMac-HelpIosMacUITests/Pods-HelpIosMac-HelpIosMacUITests-frameworks-${CONFIGURATION}-input-files.xcfilelist",
			);
			name = "[CP] Embed Pods Frameworks";
			outputFileListPaths = (
				"${PODS_ROOT}/Target Support Files/Pods-HelpIosMac-HelpIosMacUITests/Pods-HelpIosMac-HelpIosMacUITests-frameworks-${CONFIGURATION}-output-files.xcfilelist",
			);
			runOnlyForDeploymentPostprocessing = 0;
			shellPath = /bin/sh;
			shellScript = "\"${PODS_ROOT}/Target Support Files/Pods-HelpIosMac-HelpIosMacUITests/Pods-HelpIosMac-HelpIosMacUITests-frameworks.sh\"\n";
			showEnvVarsInLog = 0;
		};
		D43376AF3DCA31E6FFF758EE /* [CP] Check Pods Manifest.lock */ = {
			isa = PBXShellScriptBuildPhase;
			buildActionMask = 2147483647;
			files = (
			);
			inputFileListPaths = (
			);
			inputPaths = (
				"${PODS_PODFILE_DIR_PATH}/Podfile.lock",
				"${PODS_ROOT}/Manifest.lock",
			);
			name = "[CP] Check Pods Manifest.lock";
			outputFileListPaths = (
			);
			outputPaths = (
				"$(DERIVED_FILE_DIR)/Pods-HelpIosMac-HelpIosMacUITests-checkManifestLockResult.txt",
			);
			runOnlyForDeploymentPostprocessing = 0;
			shellPath = /bin/sh;
			shellScript = "diff \"${PODS_PODFILE_DIR_PATH}/Podfile.lock\" \"${PODS_ROOT}/Manifest.lock\" > /dev/null\nif [ $? != 0 ] ; then\n    # print error to STDERR\n    echo \"error: The sandbox is not in sync with the Podfile.lock. Run 'pod install' or update your CocoaPods installation.\" >&2\n    exit 1\nfi\n# This output is used by Xcode 'outputs' to avoid re-running this script phase.\necho \"SUCCESS\" > \"${SCRIPT_OUTPUT_FILE_0}\"\n";
			showEnvVarsInLog = 0;
		};
		D97FD5E093CF7896EA8C4544 /* [CP] Check Pods Manifest.lock */ = {
			isa = PBXShellScriptBuildPhase;
			buildActionMask = 2147483647;
			files = (
			);
			inputFileListPaths = (
			);
			inputPaths = (
				"${PODS_PODFILE_DIR_PATH}/Podfile.lock",
				"${PODS_ROOT}/Manifest.lock",
			);
			name = "[CP] Check Pods Manifest.lock";
			outputFileListPaths = (
			);
			outputPaths = (
				"$(DERIVED_FILE_DIR)/Pods-HelpIosMac-checkManifestLockResult.txt",
			);
			runOnlyForDeploymentPostprocessing = 0;
			shellPath = /bin/sh;
			shellScript = "diff \"${PODS_PODFILE_DIR_PATH}/Podfile.lock\" \"${PODS_ROOT}/Manifest.lock\" > /dev/null\nif [ $? != 0 ] ; then\n    # print error to STDERR\n    echo \"error: The sandbox is not in sync with the Podfile.lock. Run 'pod install' or update your CocoaPods installation.\" >&2\n    exit 1\nfi\n# This output is used by Xcode 'outputs' to avoid re-running this script phase.\necho \"SUCCESS\" > \"${SCRIPT_OUTPUT_FILE_0}\"\n";
			showEnvVarsInLog = 0;
		};
		E30037A5DA5879B8BA207D7E /* [CP] Embed Pods Frameworks */ = {
			isa = PBXShellScriptBuildPhase;
			buildActionMask = 2147483647;
			files = (
			);
			inputFileListPaths = (
				"${PODS_ROOT}/Target Support Files/Pods-HelpIosMac/Pods-HelpIosMac-frameworks-${CONFIGURATION}-input-files.xcfilelist",
			);
			name = "[CP] Embed Pods Frameworks";
			outputFileListPaths = (
				"${PODS_ROOT}/Target Support Files/Pods-HelpIosMac/Pods-HelpIosMac-frameworks-${CONFIGURATION}-output-files.xcfilelist",
			);
			runOnlyForDeploymentPostprocessing = 0;
			shellPath = /bin/sh;
			shellScript = "\"${PODS_ROOT}/Target Support Files/Pods-HelpIosMac/Pods-HelpIosMac-frameworks.sh\"\n";
			showEnvVarsInLog = 0;
		};
/* End PBXShellScriptBuildPhase section */

/* Begin PBXSourcesBuildPhase section */
		220F0B582373A0DF00B3BC99 /* Sources */ = {
			isa = PBXSourcesBuildPhase;
			buildActionMask = 2147483647;
			files = (
				220F0B5F2373A0DF00B3BC99 /* ShareViewController.swift in Sources */,
			);
			runOnlyForDeploymentPostprocessing = 0;
		};
		50825AE723174592001040E7 /* Sources */ = {
			isa = PBXSourcesBuildPhase;
			buildActionMask = 2147483647;
			files = (
				50825AF723174593001040E7 /* HelpIosMac.xcdatamodeld in Sources */,
				22B4ED7C235FD2D500D7DFFF /* DetailVideoViewController.swift in Sources */,
				50825AF123174592001040E7 /* ViewController.swift in Sources */,
				50C601C8234EB281005DB696 /* CollectionViewCell.swift in Sources */,
				50825AEF23174592001040E7 /* AppDelegate.swift in Sources */,
				508B1414232C5E08005F14AE /* DetalheFavoritoViewController.swift in Sources */,
				50613AB8232D39F5000B27D8 /* CriarTutorialDelegate.swift in Sources */,
				50825B2B23174F0F001040E7 /* DetailsViewController.swift in Sources */,
				5055956C235140F8004A166C /* FavoriteTableViewCell.swift in Sources */,
				50825B5D2318B4DE001040E7 /* TutorialDAO.swift in Sources */,
				225A50D0238C60B300C198CE /* FireBase.swift in Sources */,
				508B14112329E4C3005F14AE /* FavoritosTableViewController.swift in Sources */,
				22B4ED80235FD8F200D7DFFF /* DetailVideoFavoriteViewController.swift in Sources */,
				50825B5B2318B3C0001040E7 /* Tutorial.swift in Sources */,
				50C601C6234D8263005DB696 /* DetalhesCollectionViewCell.swift in Sources */,
				508B140B2328B0EE005F14AE /* TutorialCollectionViewCell.swift in Sources */,
			);
			runOnlyForDeploymentPostprocessing = 0;
		};
		50825AFE231745B0001040E7 /* Sources */ = {
			isa = PBXSourcesBuildPhase;
			buildActionMask = 2147483647;
			files = (
				50825B07231745B0001040E7 /* HelpIosMacTests.swift in Sources */,
			);
			runOnlyForDeploymentPostprocessing = 0;
		};
		50825B09231745B0001040E7 /* Sources */ = {
			isa = PBXSourcesBuildPhase;
			buildActionMask = 2147483647;
			files = (
				50825B12231745B0001040E7 /* HelpIosMacUITests.swift in Sources */,
			);
			runOnlyForDeploymentPostprocessing = 0;
		};
/* End PBXSourcesBuildPhase section */

/* Begin PBXTargetDependency section */
		220F0B652373A0DF00B3BC99 /* PBXTargetDependency */ = {
			isa = PBXTargetDependency;
			target = 220F0B5B2373A0DF00B3BC99 /* ImageShare */;
			targetProxy = 220F0B642373A0DF00B3BC99 /* PBXContainerItemProxy */;
		};
		50825B04231745B0001040E7 /* PBXTargetDependency */ = {
			isa = PBXTargetDependency;
			target = 50825AEA23174592001040E7 /* HelpIosMac */;
			targetProxy = 50825B03231745B0001040E7 /* PBXContainerItemProxy */;
		};
		50825B0F231745B0001040E7 /* PBXTargetDependency */ = {
			isa = PBXTargetDependency;
			target = 50825AEA23174592001040E7 /* HelpIosMac */;
			targetProxy = 50825B0E231745B0001040E7 /* PBXContainerItemProxy */;
		};
/* End PBXTargetDependency section */

/* Begin PBXVariantGroup section */
		220F0B602373A0DF00B3BC99 /* MainInterface.storyboard */ = {
			isa = PBXVariantGroup;
			children = (
				220F0B612373A0DF00B3BC99 /* Base */,
			);
			name = MainInterface.storyboard;
			sourceTree = "<group>";
		};
		50825AF223174592001040E7 /* Main.storyboard */ = {
			isa = PBXVariantGroup;
			children = (
				50825AF323174592001040E7 /* Base */,
			);
			name = Main.storyboard;
			sourceTree = "<group>";
		};
		50825AFA231745AF001040E7 /* LaunchScreen.storyboard */ = {
			isa = PBXVariantGroup;
			children = (
				50825AFB231745AF001040E7 /* Base */,
			);
			name = LaunchScreen.storyboard;
			sourceTree = "<group>";
		};
/* End PBXVariantGroup section */

/* Begin XCBuildConfiguration section */
		220F0B682373A0DF00B3BC99 /* Debug */ = {
			isa = XCBuildConfiguration;
			buildSettings = {
				CODE_SIGN_IDENTITY = "Apple Development";
				CODE_SIGN_STYLE = Automatic;
				DEVELOPMENT_TEAM = N66VHCWZLN;
				INFOPLIST_FILE = ImageShare/Info.plist;
				IPHONEOS_DEPLOYMENT_TARGET = 13.2;
				LD_RUNPATH_SEARCH_PATHS = (
					"$(inherited)",
					"@executable_path/Frameworks",
					"@executable_path/../../Frameworks",
				);
				PRODUCT_BUNDLE_IDENTIFIER = br.com.vsantoryu.HelpIosMac.ImageShare;
				PRODUCT_NAME = "$(TARGET_NAME)";
				SKIP_INSTALL = YES;
				SWIFT_VERSION = 5.0;
				TARGETED_DEVICE_FAMILY = "1,2";
			};
			name = Debug;
		};
		220F0B692373A0DF00B3BC99 /* Release */ = {
			isa = XCBuildConfiguration;
			buildSettings = {
				CODE_SIGN_IDENTITY = "Apple Development";
				CODE_SIGN_STYLE = Automatic;
				DEVELOPMENT_TEAM = N66VHCWZLN;
				INFOPLIST_FILE = ImageShare/Info.plist;
				IPHONEOS_DEPLOYMENT_TARGET = 13.2;
				LD_RUNPATH_SEARCH_PATHS = (
					"$(inherited)",
					"@executable_path/Frameworks",
					"@executable_path/../../Frameworks",
				);
				PRODUCT_BUNDLE_IDENTIFIER = br.com.vsantoryu.HelpIosMac.ImageShare;
				PRODUCT_NAME = "$(TARGET_NAME)";
				SKIP_INSTALL = YES;
				SWIFT_VERSION = 5.0;
				TARGETED_DEVICE_FAMILY = "1,2";
			};
			name = Release;
		};
		50825B14231745B0001040E7 /* Debug */ = {
			isa = XCBuildConfiguration;
			buildSettings = {
				ALWAYS_SEARCH_USER_PATHS = NO;
				CLANG_ANALYZER_NONNULL = YES;
				CLANG_ANALYZER_NUMBER_OBJECT_CONVERSION = YES_AGGRESSIVE;
				CLANG_CXX_LANGUAGE_STANDARD = "gnu++14";
				CLANG_CXX_LIBRARY = "libc++";
				CLANG_ENABLE_MODULES = YES;
				CLANG_ENABLE_OBJC_ARC = YES;
				CLANG_ENABLE_OBJC_WEAK = YES;
				CLANG_WARN_BLOCK_CAPTURE_AUTORELEASING = YES;
				CLANG_WARN_BOOL_CONVERSION = YES;
				CLANG_WARN_COMMA = YES;
				CLANG_WARN_CONSTANT_CONVERSION = YES;
				CLANG_WARN_DEPRECATED_OBJC_IMPLEMENTATIONS = YES;
				CLANG_WARN_DIRECT_OBJC_ISA_USAGE = YES_ERROR;
				CLANG_WARN_DOCUMENTATION_COMMENTS = YES;
				CLANG_WARN_EMPTY_BODY = YES;
				CLANG_WARN_ENUM_CONVERSION = YES;
				CLANG_WARN_INFINITE_RECURSION = YES;
				CLANG_WARN_INT_CONVERSION = YES;
				CLANG_WARN_NON_LITERAL_NULL_CONVERSION = YES;
				CLANG_WARN_OBJC_IMPLICIT_RETAIN_SELF = YES;
				CLANG_WARN_OBJC_LITERAL_CONVERSION = YES;
				CLANG_WARN_OBJC_ROOT_CLASS = YES_ERROR;
				CLANG_WARN_RANGE_LOOP_ANALYSIS = YES;
				CLANG_WARN_STRICT_PROTOTYPES = YES;
				CLANG_WARN_SUSPICIOUS_MOVE = YES;
				CLANG_WARN_UNGUARDED_AVAILABILITY = YES_AGGRESSIVE;
				CLANG_WARN_UNREACHABLE_CODE = YES;
				CLANG_WARN__DUPLICATE_METHOD_MATCH = YES;
				CODE_SIGN_IDENTITY = "iPhone Developer";
				COPY_PHASE_STRIP = NO;
				DEBUG_INFORMATION_FORMAT = dwarf;
				ENABLE_STRICT_OBJC_MSGSEND = YES;
				ENABLE_TESTABILITY = YES;
				GCC_C_LANGUAGE_STANDARD = gnu11;
				GCC_DYNAMIC_NO_PIC = NO;
				GCC_NO_COMMON_BLOCKS = YES;
				GCC_OPTIMIZATION_LEVEL = 0;
				GCC_PREPROCESSOR_DEFINITIONS = (
					"DEBUG=1",
					"$(inherited)",
				);
				GCC_WARN_64_TO_32_BIT_CONVERSION = YES;
				GCC_WARN_ABOUT_RETURN_TYPE = YES_ERROR;
				GCC_WARN_UNDECLARED_SELECTOR = YES;
				GCC_WARN_UNINITIALIZED_AUTOS = YES_AGGRESSIVE;
				GCC_WARN_UNUSED_FUNCTION = YES;
				GCC_WARN_UNUSED_VARIABLE = YES;
				IPHONEOS_DEPLOYMENT_TARGET = 12.1;
				MTL_ENABLE_DEBUG_INFO = INCLUDE_SOURCE;
				MTL_FAST_MATH = YES;
				ONLY_ACTIVE_ARCH = YES;
				SDKROOT = iphoneos;
				SWIFT_ACTIVE_COMPILATION_CONDITIONS = DEBUG;
				SWIFT_OPTIMIZATION_LEVEL = "-Onone";
			};
			name = Debug;
		};
		50825B15231745B0001040E7 /* Release */ = {
			isa = XCBuildConfiguration;
			buildSettings = {
				ALWAYS_SEARCH_USER_PATHS = NO;
				CLANG_ANALYZER_NONNULL = YES;
				CLANG_ANALYZER_NUMBER_OBJECT_CONVERSION = YES_AGGRESSIVE;
				CLANG_CXX_LANGUAGE_STANDARD = "gnu++14";
				CLANG_CXX_LIBRARY = "libc++";
				CLANG_ENABLE_MODULES = YES;
				CLANG_ENABLE_OBJC_ARC = YES;
				CLANG_ENABLE_OBJC_WEAK = YES;
				CLANG_WARN_BLOCK_CAPTURE_AUTORELEASING = YES;
				CLANG_WARN_BOOL_CONVERSION = YES;
				CLANG_WARN_COMMA = YES;
				CLANG_WARN_CONSTANT_CONVERSION = YES;
				CLANG_WARN_DEPRECATED_OBJC_IMPLEMENTATIONS = YES;
				CLANG_WARN_DIRECT_OBJC_ISA_USAGE = YES_ERROR;
				CLANG_WARN_DOCUMENTATION_COMMENTS = YES;
				CLANG_WARN_EMPTY_BODY = YES;
				CLANG_WARN_ENUM_CONVERSION = YES;
				CLANG_WARN_INFINITE_RECURSION = YES;
				CLANG_WARN_INT_CONVERSION = YES;
				CLANG_WARN_NON_LITERAL_NULL_CONVERSION = YES;
				CLANG_WARN_OBJC_IMPLICIT_RETAIN_SELF = YES;
				CLANG_WARN_OBJC_LITERAL_CONVERSION = YES;
				CLANG_WARN_OBJC_ROOT_CLASS = YES_ERROR;
				CLANG_WARN_RANGE_LOOP_ANALYSIS = YES;
				CLANG_WARN_STRICT_PROTOTYPES = YES;
				CLANG_WARN_SUSPICIOUS_MOVE = YES;
				CLANG_WARN_UNGUARDED_AVAILABILITY = YES_AGGRESSIVE;
				CLANG_WARN_UNREACHABLE_CODE = YES;
				CLANG_WARN__DUPLICATE_METHOD_MATCH = YES;
				CODE_SIGN_IDENTITY = "iPhone Developer";
				COPY_PHASE_STRIP = NO;
				DEBUG_INFORMATION_FORMAT = "dwarf-with-dsym";
				ENABLE_NS_ASSERTIONS = NO;
				ENABLE_STRICT_OBJC_MSGSEND = YES;
				GCC_C_LANGUAGE_STANDARD = gnu11;
				GCC_NO_COMMON_BLOCKS = YES;
				GCC_WARN_64_TO_32_BIT_CONVERSION = YES;
				GCC_WARN_ABOUT_RETURN_TYPE = YES_ERROR;
				GCC_WARN_UNDECLARED_SELECTOR = YES;
				GCC_WARN_UNINITIALIZED_AUTOS = YES_AGGRESSIVE;
				GCC_WARN_UNUSED_FUNCTION = YES;
				GCC_WARN_UNUSED_VARIABLE = YES;
				IPHONEOS_DEPLOYMENT_TARGET = 12.1;
				MTL_ENABLE_DEBUG_INFO = NO;
				MTL_FAST_MATH = YES;
				SDKROOT = iphoneos;
				SWIFT_COMPILATION_MODE = wholemodule;
				SWIFT_OPTIMIZATION_LEVEL = "-O";
				VALIDATE_PRODUCT = YES;
			};
			name = Release;
		};
		50825B17231745B0001040E7 /* Debug */ = {
			isa = XCBuildConfiguration;
			baseConfigurationReference = 49EFFFE2DD373D56720CDE5F /* Pods-HelpIosMac.debug.xcconfig */;
			buildSettings = {
				ALWAYS_EMBED_SWIFT_STANDARD_LIBRARIES = YES;
				ASSETCATALOG_COMPILER_APPICON_NAME = AppIcon;
				CODE_SIGN_ENTITLEMENTS = HelpIosMac/HelpIosMac.entitlements;
				CODE_SIGN_IDENTITY = "Apple Development";
				CODE_SIGN_STYLE = Automatic;
				DEVELOPMENT_TEAM = N66VHCWZLN;
				INFOPLIST_FILE = HelpIosMac/Info.plist;
				LD_RUNPATH_SEARCH_PATHS = (
					"$(inherited)",
					"@executable_path/Frameworks",
				);
				PRODUCT_BUNDLE_IDENTIFIER = br.com.vsantoryu.HelpIosMac;
				PRODUCT_NAME = "$(TARGET_NAME)";
				PROVISIONING_PROFILE_SPECIFIER = "";
				SWIFT_VERSION = 5.0;
				TARGETED_DEVICE_FAMILY = "1,2";
			};
			name = Debug;
		};
		50825B18231745B0001040E7 /* Release */ = {
			isa = XCBuildConfiguration;
			baseConfigurationReference = 8A399DEC83E77AE40617A5C4 /* Pods-HelpIosMac.release.xcconfig */;
			buildSettings = {
				ALWAYS_EMBED_SWIFT_STANDARD_LIBRARIES = YES;
				ASSETCATALOG_COMPILER_APPICON_NAME = AppIcon;
				CODE_SIGN_ENTITLEMENTS = HelpIosMac/HelpIosMac.entitlements;
				CODE_SIGN_IDENTITY = "Apple Development";
				CODE_SIGN_STYLE = Automatic;
				DEVELOPMENT_TEAM = N66VHCWZLN;
				INFOPLIST_FILE = HelpIosMac/Info.plist;
				LD_RUNPATH_SEARCH_PATHS = (
					"$(inherited)",
					"@executable_path/Frameworks",
				);
				PRODUCT_BUNDLE_IDENTIFIER = br.com.vsantoryu.HelpIosMac;
				PRODUCT_NAME = "$(TARGET_NAME)";
				PROVISIONING_PROFILE_SPECIFIER = "";
				SWIFT_VERSION = 5.0;
				TARGETED_DEVICE_FAMILY = "1,2";
			};
			name = Release;
		};
		50825B1A231745B0001040E7 /* Debug */ = {
			isa = XCBuildConfiguration;
			baseConfigurationReference = 7D0C0E13BD78A8466DB9CCB0 /* Pods-HelpIosMacTests.debug.xcconfig */;
			buildSettings = {
				ALWAYS_EMBED_SWIFT_STANDARD_LIBRARIES = YES;
				BUNDLE_LOADER = "$(TEST_HOST)";
				CODE_SIGN_STYLE = Automatic;
				DEVELOPMENT_TEAM = N66VHCWZLN;
				INFOPLIST_FILE = HelpIosMacTests/Info.plist;
				LD_RUNPATH_SEARCH_PATHS = (
					"$(inherited)",
					"@executable_path/Frameworks",
					"@loader_path/Frameworks",
				);
				PRODUCT_BUNDLE_IDENTIFIER = br.com.vsantoryu.HelpIosMacTests;
				PRODUCT_NAME = "$(TARGET_NAME)";
				SWIFT_VERSION = 5.0;
				TARGETED_DEVICE_FAMILY = "1,2";
				TEST_HOST = "$(BUILT_PRODUCTS_DIR)/HelpIosMac.app/HelpIosMac";
			};
			name = Debug;
		};
		50825B1B231745B0001040E7 /* Release */ = {
			isa = XCBuildConfiguration;
			baseConfigurationReference = 80EF1FF77A1265C66D18B384 /* Pods-HelpIosMacTests.release.xcconfig */;
			buildSettings = {
				ALWAYS_EMBED_SWIFT_STANDARD_LIBRARIES = YES;
				BUNDLE_LOADER = "$(TEST_HOST)";
				CODE_SIGN_STYLE = Automatic;
				DEVELOPMENT_TEAM = N66VHCWZLN;
				INFOPLIST_FILE = HelpIosMacTests/Info.plist;
				LD_RUNPATH_SEARCH_PATHS = (
					"$(inherited)",
					"@executable_path/Frameworks",
					"@loader_path/Frameworks",
				);
				PRODUCT_BUNDLE_IDENTIFIER = br.com.vsantoryu.HelpIosMacTests;
				PRODUCT_NAME = "$(TARGET_NAME)";
				SWIFT_VERSION = 5.0;
				TARGETED_DEVICE_FAMILY = "1,2";
				TEST_HOST = "$(BUILT_PRODUCTS_DIR)/HelpIosMac.app/HelpIosMac";
			};
			name = Release;
		};
		50825B1D231745B0001040E7 /* Debug */ = {
			isa = XCBuildConfiguration;
			baseConfigurationReference = FEED26538698202EA98CF72A /* Pods-HelpIosMac-HelpIosMacUITests.debug.xcconfig */;
			buildSettings = {
				ALWAYS_EMBED_SWIFT_STANDARD_LIBRARIES = YES;
				CODE_SIGN_STYLE = Automatic;
				DEVELOPMENT_TEAM = N66VHCWZLN;
				INFOPLIST_FILE = HelpIosMacUITests/Info.plist;
				LD_RUNPATH_SEARCH_PATHS = (
					"$(inherited)",
					"@executable_path/Frameworks",
					"@loader_path/Frameworks",
				);
				PRODUCT_BUNDLE_IDENTIFIER = br.com.vsantoryu.HelpIosMacUITests;
				PRODUCT_NAME = "$(TARGET_NAME)";
				SWIFT_VERSION = 5.0;
				TARGETED_DEVICE_FAMILY = "1,2";
				TEST_TARGET_NAME = HelpIosMac;
			};
			name = Debug;
		};
		50825B1E231745B0001040E7 /* Release */ = {
			isa = XCBuildConfiguration;
			baseConfigurationReference = 0FE16BB3199CCB8C6130B1E9 /* Pods-HelpIosMac-HelpIosMacUITests.release.xcconfig */;
			buildSettings = {
				ALWAYS_EMBED_SWIFT_STANDARD_LIBRARIES = YES;
				CODE_SIGN_STYLE = Automatic;
				DEVELOPMENT_TEAM = N66VHCWZLN;
				INFOPLIST_FILE = HelpIosMacUITests/Info.plist;
				LD_RUNPATH_SEARCH_PATHS = (
					"$(inherited)",
					"@executable_path/Frameworks",
					"@loader_path/Frameworks",
				);
				PRODUCT_BUNDLE_IDENTIFIER = br.com.vsantoryu.HelpIosMacUITests;
				PRODUCT_NAME = "$(TARGET_NAME)";
				SWIFT_VERSION = 5.0;
				TARGETED_DEVICE_FAMILY = "1,2";
				TEST_TARGET_NAME = HelpIosMac;
			};
			name = Release;
		};
/* End XCBuildConfiguration section */

/* Begin XCConfigurationList section */
		220F0B672373A0DF00B3BC99 /* Build configuration list for PBXNativeTarget "ImageShare" */ = {
			isa = XCConfigurationList;
			buildConfigurations = (
				220F0B682373A0DF00B3BC99 /* Debug */,
				220F0B692373A0DF00B3BC99 /* Release */,
			);
			defaultConfigurationIsVisible = 0;
			defaultConfigurationName = Release;
		};
		50825AE623174592001040E7 /* Build configuration list for PBXProject "HelpIosMac" */ = {
			isa = XCConfigurationList;
			buildConfigurations = (
				50825B14231745B0001040E7 /* Debug */,
				50825B15231745B0001040E7 /* Release */,
			);
			defaultConfigurationIsVisible = 0;
			defaultConfigurationName = Release;
		};
		50825B16231745B0001040E7 /* Build configuration list for PBXNativeTarget "HelpIosMac" */ = {
			isa = XCConfigurationList;
			buildConfigurations = (
				50825B17231745B0001040E7 /* Debug */,
				50825B18231745B0001040E7 /* Release */,
			);
			defaultConfigurationIsVisible = 0;
			defaultConfigurationName = Release;
		};
		50825B19231745B0001040E7 /* Build configuration list for PBXNativeTarget "HelpIosMacTests" */ = {
			isa = XCConfigurationList;
			buildConfigurations = (
				50825B1A231745B0001040E7 /* Debug */,
				50825B1B231745B0001040E7 /* Release */,
			);
			defaultConfigurationIsVisible = 0;
			defaultConfigurationName = Release;
		};
		50825B1C231745B0001040E7 /* Build configuration list for PBXNativeTarget "HelpIosMacUITests" */ = {
			isa = XCConfigurationList;
			buildConfigurations = (
				50825B1D231745B0001040E7 /* Debug */,
				50825B1E231745B0001040E7 /* Release */,
			);
			defaultConfigurationIsVisible = 0;
			defaultConfigurationName = Release;
		};
/* End XCConfigurationList section */

/* Begin XCVersionGroup section */
		50825AF523174593001040E7 /* HelpIosMac.xcdatamodeld */ = {
			isa = XCVersionGroup;
			children = (
				50825AF623174593001040E7 /* HelpIosMac.xcdatamodel */,
			);
			currentVersion = 50825AF623174593001040E7 /* HelpIosMac.xcdatamodel */;
			path = HelpIosMac.xcdatamodeld;
			sourceTree = "<group>";
			versionGroupType = wrapper.xcdatamodel;
		};
/* End XCVersionGroup section */
	};
	rootObject = 50825AE323174592001040E7 /* Project object */;
}
